
Microsoft Visual Studio Solution File, Format Version 11.00
# Visual Studio 2010
Project("{FAE04EC0-301F-11D3-BF4B-00C04F79EFBC}") = "UnityEngine.TestRunner", "UnityEngine.TestRunner.csproj", "{65b97fb0-06c4-24f7-d8d9-2df32544a7f4}"
EndProject
Project("{FAE04EC0-301F-11D3-BF4B-00C04F79EFBC}") = "Unity.2D.Animation.Triangle.Runtime", "Unity.2D.Animation.Triangle.Runtime.csproj", "{b2ba778f-3096-7508-2146-b63c19e43173}"
EndProject
Project("{FAE04EC0-301F-11D3-BF4B-00C04F79EFBC}") = "UnityEngine.UI", "UnityEngine.UI.csproj", "{8f5c414c-97b6-a84c-5ab9-361ac427e698}"
EndProject
Project("{FAE04EC0-301F-11D3-BF4B-00C04F79EFBC}") = "Unity.TextMeshPro", "Unity.TextMeshPro.csproj", "{4708587e-119e-8974-cba4-cfebab3efc06}"
EndProject
Project("{FAE04EC0-301F-11D3-BF4B-00C04F79EFBC}") = "Unity.2D.Animation.Runtime", "Unity.2D.Animation.Runtime.csproj", "{382ea99a-d217-0494-8ee9-888ef4b70102}"
EndProject
Project("{FAE04EC0-301F-11D3-BF4B-00C04F79EFBC}") = "Unity.Timeline", "Unity.Timeline.csproj", "{1180c151-3cbb-c6f9-674c-2916af100c00}"
EndProject
Project("{FAE04EC0-301F-11D3-BF4B-00C04F79EFBC}") = "Unity.Mathematics", "Unity.Mathematics.csproj", "{21431fea-dc1d-8426-74bf-bae791ad6491}"
EndProject
Project("{FAE04EC0-301F-11D3-BF4B-00C04F79EFBC}") = "Unity.2D.SpriteShape.Runtime", "Unity.2D.SpriteShape.Runtime.csproj", "{8b483b61-826e-0fc0-781d-4ff4218c3226}"
EndProject
Project("{FAE04EC0-301F-11D3-BF4B-00C04F79EFBC}") = "Unity.2D.PixelPerfect", "Unity.2D.PixelPerfect.csproj", "{0598e2b6-c782-e46c-cd1e-86d29e3e48f1}"
EndProject
Project("{FAE04EC0-301F-11D3-BF4B-00C04F79EFBC}") = "Unity.InternalAPIEngineBridge.001", "Unity.InternalAPIEngineBridge.001.csproj", "{09c43cce-d146-676b-84d3-e5468790109d}"
EndProject
Project("{FAE04EC0-301F-11D3-BF4B-00C04F79EFBC}") = "Unity.2D.Common.Runtime", "Unity.2D.Common.Runtime.csproj", "{831ab871-2997-6a1d-77ac-42d34e6bcc99}"
EndProject
Project("{FAE04EC0-301F-11D3-BF4B-00C04F79EFBC}") = "Assembly-CSharp", "Assembly-CSharp.csproj", "{456070ca-c5aa-7b1c-88b6-203c99bbeb60}"
EndProject
Project("{FAE04EC0-301F-11D3-BF4B-00C04F79EFBC}") = "Unity.TextMeshPro.Editor", "Unity.TextMeshPro.Editor.csproj", "{2111243a-79d3-adf7-761e-bb80cedac888}"
EndProject
Project("{FAE04EC0-301F-11D3-BF4B-00C04F79EFBC}") = "Unity.Timeline.Editor", "Unity.Timeline.Editor.csproj", "{3725dbb0-d55d-cc4b-df0d-c6a684bf235d}"
EndProject
Project("{FAE04EC0-301F-11D3-BF4B-00C04F79EFBC}") = "UnityEditor.TestRunner", "UnityEditor.TestRunner.csproj", "{e3810056-219c-2411-5e5a-091743fa2ddb}"
EndProject
Project("{FAE04EC0-301F-11D3-BF4B-00C04F79EFBC}") = "Unity.2D.Animation.Editor", "Unity.2D.Animation.Editor.csproj", "{4225d56b-de9d-f9fd-b845-c3786698d001}"
EndProject
Project("{FAE04EC0-301F-11D3-BF4B-00C04F79EFBC}") = "Unity.2D.Path.Editor", "Unity.2D.Path.Editor.csproj", "{1877cc6f-6a42-b6f9-927a-fa7c87a9aaea}"
EndProject
Project("{FAE04EC0-301F-11D3-BF4B-00C04F79EFBC}") = "Unity.2D.Sprite.Editor", "Unity.2D.Sprite.Editor.csproj", "{c21208ac-05f2-2379-7cf9-7c85fe6e7f88}"
EndProject
Project("{FAE04EC0-301F-11D3-BF4B-00C04F79EFBC}") = "UnityEditor.UI", "UnityEditor.UI.csproj", "{375486d3-54b6-5dd1-bf37-576d2567886b}"
EndProject
Project("{FAE04EC0-301F-11D3-BF4B-00C04F79EFBC}") = "Unity.Rider.Editor", "Unity.Rider.Editor.csproj", "{c33352cd-b35a-31b3-2ac9-244526652c24}"
EndProject
Project("{FAE04EC0-301F-11D3-BF4B-00C04F79EFBC}") = "Unity.2D.Tilemap.Editor", "Unity.2D.Tilemap.Editor.csproj", "{19008c33-3ff7-4417-8996-cb7324720f44}"
EndProject
Project("{FAE04EC0-301F-11D3-BF4B-00C04F79EFBC}") = "Unity.2D.SpriteShape.Editor", "Unity.2D.SpriteShape.Editor.csproj", "{954744ea-d78a-29ca-b209-60479ea380b8}"
EndProject
Project("{FAE04EC0-301F-11D3-BF4B-00C04F79EFBC}") = "PsdPlugin", "PsdPlugin.csproj", "{7bfbab0a-bced-2332-2e51-7f7fc532e2c9}"
EndProject
Project("{FAE04EC0-301F-11D3-BF4B-00C04F79EFBC}") = "Unity.CollabProxy.Editor", "Unity.CollabProxy.Editor.csproj", "{308d64f6-5f8e-ee81-5f72-9526ebc283f7}"
EndProject
Project("{FAE04EC0-301F-11D3-BF4B-00C04F79EFBC}") = "Unity.2D.Common.Editor", "Unity.2D.Common.Editor.csproj", "{cf3e9402-f522-1cf8-0455-90f7f58a5f33}"
EndProject
Project("{FAE04EC0-301F-11D3-BF4B-00C04F79EFBC}") = "Unity.VSCode.Editor", "Unity.VSCode.Editor.csproj", "{5f77dbad-20ae-9f71-81e8-9442b6c9a932}"
EndProject
Project("{FAE04EC0-301F-11D3-BF4B-00C04F79EFBC}") = "Unity.2D.Psdimporter.Editor", "Unity.2D.Psdimporter.Editor.csproj", "{892d9ce8-d6a9-89cc-1c6a-1a05f3e08a50}"
EndProject
Project("{FAE04EC0-301F-11D3-BF4B-00C04F79EFBC}") = "Unity.2D.PixelPerfect.Editor", "Unity.2D.PixelPerfect.Editor.csproj", "{1c721273-8028-15c7-2980-8789864d213e}"
EndProject
Project("{FAE04EC0-301F-11D3-BF4B-00C04F79EFBC}") = "Unity.Mathematics.Editor", "Unity.Mathematics.Editor.csproj", "{adc18cf3-3430-ec01-7af0-fc8650b3e127}"
EndProject
Project("{FAE04EC0-301F-11D3-BF4B-00C04F79EFBC}") = "Unity.InternalAPIEditorBridge.001", "Unity.InternalAPIEditorBridge.001.csproj", "{3fcab2b0-49b3-0ea5-737f-21396bf65789}"
EndProject
Global
	GlobalSection(SolutionConfigurationPlatforms) = preSolution
		Debug|Any CPU = Debug|Any CPU
	EndGlobalSection
	GlobalSection(ProjectConfigurationPlatforms) = postSolution
		{65b97fb0-06c4-24f7-d8d9-2df32544a7f4}.Debug|Any CPU.ActiveCfg = Debug|Any CPU
		{65b97fb0-06c4-24f7-d8d9-2df32544a7f4}.Debug|Any CPU.Build.0 = Debug|Any CPU
		{b2ba778f-3096-7508-2146-b63c19e43173}.Debug|Any CPU.ActiveCfg = Debug|Any CPU
		{b2ba778f-3096-7508-2146-b63c19e43173}.Debug|Any CPU.Build.0 = Debug|Any CPU
		{8f5c414c-97b6-a84c-5ab9-361ac427e698}.Debug|Any CPU.ActiveCfg = Debug|Any CPU
		{8f5c414c-97b6-a84c-5ab9-361ac427e698}.Debug|Any CPU.Build.0 = Debug|Any CPU
		{4708587e-119e-8974-cba4-cfebab3efc06}.Debug|Any CPU.ActiveCfg = Debug|Any CPU
		{4708587e-119e-8974-cba4-cfebab3efc06}.Debug|Any CPU.Build.0 = Debug|Any CPU
		{382ea99a-d217-0494-8ee9-888ef4b70102}.Debug|Any CPU.ActiveCfg = Debug|Any CPU
		{382ea99a-d217-0494-8ee9-888ef4b70102}.Debug|Any CPU.Build.0 = Debug|Any CPU
		{1180c151-3cbb-c6f9-674c-2916af100c00}.Debug|Any CPU.ActiveCfg = Debug|Any CPU
		{1180c151-3cbb-c6f9-674c-2916af100c00}.Debug|Any CPU.Build.0 = Debug|Any CPU
		{21431fea-dc1d-8426-74bf-bae791ad6491}.Debug|Any CPU.ActiveCfg = Debug|Any CPU
		{21431fea-dc1d-8426-74bf-bae791ad6491}.Debug|Any CPU.Build.0 = Debug|Any CPU
		{8b483b61-826e-0fc0-781d-4ff4218c3226}.Debug|Any CPU.ActiveCfg = Debug|Any CPU
		{8b483b61-826e-0fc0-781d-4ff4218c3226}.Debug|Any CPU.Build.0 = Debug|Any CPU
		{0598e2b6-c782-e46c-cd1e-86d29e3e48f1}.Debug|Any CPU.ActiveCfg = Debug|Any CPU
		{0598e2b6-c782-e46c-cd1e-86d29e3e48f1}.Debug|Any CPU.Build.0 = Debug|Any CPU
		{09c43cce-d146-676b-84d3-e5468790109d}.Debug|Any CPU.ActiveCfg = Debug|Any CPU
		{09c43cce-d146-676b-84d3-e5468790109d}.Debug|Any CPU.Build.0 = Debug|Any CPU
		{831ab871-2997-6a1d-77ac-42d34e6bcc99}.Debug|Any CPU.ActiveCfg = Debug|Any CPU
		{831ab871-2997-6a1d-77ac-42d34e6bcc99}.Debug|Any CPU.Build.0 = Debug|Any CPU
		{456070ca-c5aa-7b1c-88b6-203c99bbeb60}.Debug|Any CPU.ActiveCfg = Debug|Any CPU
		{456070ca-c5aa-7b1c-88b6-203c99bbeb60}.Debug|Any CPU.Build.0 = Debug|Any CPU
		{2111243a-79d3-adf7-761e-bb80cedac888}.Debug|Any CPU.ActiveCfg = Debug|Any CPU
		{2111243a-79d3-adf7-761e-bb80cedac888}.Debug|Any CPU.Build.0 = Debug|Any CPU
		{3725dbb0-d55d-cc4b-df0d-c6a684bf235d}.Debug|Any CPU.ActiveCfg = Debug|Any CPU
		{3725dbb0-d55d-cc4b-df0d-c6a684bf235d}.Debug|Any CPU.Build.0 = Debug|Any CPU
		{e3810056-219c-2411-5e5a-091743fa2ddb}.Debug|Any CPU.ActiveCfg = Debug|Any CPU
		{e3810056-219c-2411-5e5a-091743fa2ddb}.Debug|Any CPU.Build.0 = Debug|Any CPU
		{4225d56b-de9d-f9fd-b845-c3786698d001}.Debug|Any CPU.ActiveCfg = Debug|Any CPU
		{4225d56b-de9d-f9fd-b845-c3786698d001}.Debug|Any CPU.Build.0 = Debug|Any CPU
		{1877cc6f-6a42-b6f9-927a-fa7c87a9aaea}.Debug|Any CPU.ActiveCfg = Debug|Any CPU
		{1877cc6f-6a42-b6f9-927a-fa7c87a9aaea}.Debug|Any CPU.Build.0 = Debug|Any CPU
		{c21208ac-05f2-2379-7cf9-7c85fe6e7f88}.Debug|Any CPU.ActiveCfg = Debug|Any CPU
		{c21208ac-05f2-2379-7cf9-7c85fe6e7f88}.Debug|Any CPU.Build.0 = Debug|Any CPU
		{375486d3-54b6-5dd1-bf37-576d2567886b}.Debug|Any CPU.ActiveCfg = Debug|Any CPU
		{375486d3-54b6-5dd1-bf37-576d2567886b}.Debug|Any CPU.Build.0 = Debug|Any CPU
		{c33352cd-b35a-31b3-2ac9-244526652c24}.Debug|Any CPU.ActiveCfg = Debug|Any CPU
		{c33352cd-b35a-31b3-2ac9-244526652c24}.Debug|Any CPU.Build.0 = Debug|Any CPU
		{19008c33-3ff7-4417-8996-cb7324720f44}.Debug|Any CPU.ActiveCfg = Debug|Any CPU
		{19008c33-3ff7-4417-8996-cb7324720f44}.Debug|Any CPU.Build.0 = Debug|Any CPU
		{954744ea-d78a-29ca-b209-60479ea380b8}.Debug|Any CPU.ActiveCfg = Debug|Any CPU
		{954744ea-d78a-29ca-b209-60479ea380b8}.Debug|Any CPU.Build.0 = Debug|Any CPU
		{7bfbab0a-bced-2332-2e51-7f7fc532e2c9}.Debug|Any CPU.ActiveCfg = Debug|Any CPU
		{7bfbab0a-bced-2332-2e51-7f7fc532e2c9}.Debug|Any CPU.Build.0 = Debug|Any CPU
		{308d64f6-5f8e-ee81-5f72-9526ebc283f7}.Debug|Any CPU.ActiveCfg = Debug|Any CPU
		{308d64f6-5f8e-ee81-5f72-9526ebc283f7}.Debug|Any CPU.Build.0 = Debug|Any CPU
		{cf3e9402-f522-1cf8-0455-90f7f58a5f33}.Debug|Any CPU.ActiveCfg = Debug|Any CPU
		{cf3e9402-f522-1cf8-0455-90f7f58a5f33}.Debug|Any CPU.Build.0 = Debug|Any CPU
		{5f77dbad-20ae-9f71-81e8-9442b6c9a932}.Debug|Any CPU.ActiveCfg = Debug|Any CPU
		{5f77dbad-20ae-9f71-81e8-9442b6c9a932}.Debug|Any CPU.Build.0 = Debug|Any CPU
		{892d9ce8-d6a9-89cc-1c6a-1a05f3e08a50}.Debug|Any CPU.ActiveCfg = Debug|Any CPU
		{892d9ce8-d6a9-89cc-1c6a-1a05f3e08a50}.Debug|Any CPU.Build.0 = Debug|Any CPU
		{1c721273-8028-15c7-2980-8789864d213e}.Debug|Any CPU.ActiveCfg = Debug|Any CPU
		{1c721273-8028-15c7-2980-8789864d213e}.Debug|Any CPU.Build.0 = Debug|Any CPU
		{adc18cf3-3430-ec01-7af0-fc8650b3e127}.Debug|Any CPU.ActiveCfg = Debug|Any CPU
		{adc18cf3-3430-ec01-7af0-fc8650b3e127}.Debug|Any CPU.Build.0 = Debug|Any CPU
		{3fcab2b0-49b3-0ea5-737f-21396bf65789}.Debug|Any CPU.ActiveCfg = Debug|Any CPU
		{3fcab2b0-49b3-0ea5-737f-21396bf65789}.Debug|Any CPU.Build.0 = Debug|Any CPU
	EndGlobalSection
	GlobalSection(SolutionProperties) = preSolution
		HideSolutionNode = FALSE
	EndGlobalSection
EndGlobal
